
Microsoft Visual Studio Solution File, Format Version 12.00
# Visual Studio 14
VisualStudioVersion = 14.0.25123.0
MinimumVisualStudioVersion = 10.0.40219.1
Project("{FAE04EC0-301F-11D3-BF4B-00C04F79EFBC}") = "UI", "UI\UI.csproj", "{354855E7-6670-4626-AC69-16C6B9BB9EA2}"
	ProjectSection(ProjectDependencies) = postProject
		{3F92151D-242D-4EE3-9C99-47552EA4B35F} = {3F92151D-242D-4EE3-9C99-47552EA4B35F}
		{5741EE9F-289B-4AA5-8DF9-728446E4775F} = {5741EE9F-289B-4AA5-8DF9-728446E4775F}
		{706620C5-CB57-479F-B767-F3E002E7D0D9} = {706620C5-CB57-479F-B767-F3E002E7D0D9}
	EndProjectSection
EndProject
Project("{FAE04EC0-301F-11D3-BF4B-00C04F79EFBC}") = "DAL", "DAL\DAL.csproj", "{706620C5-CB57-479F-B767-F3E002E7D0D9}"
EndProject
Project("{FAE04EC0-301F-11D3-BF4B-00C04F79EFBC}") = "Entities", "Entities\Entities.csproj", "{3F92151D-242D-4EE3-9C99-47552EA4B35F}"
EndProject
Project("{FAE04EC0-301F-11D3-BF4B-00C04F79EFBC}") = "BLL", "BLL\BLL.csproj", "{5741EE9F-289B-4AA5-8DF9-728446E4775F}"
	ProjectSection(ProjectDependencies) = postProject
		{3F92151D-242D-4EE3-9C99-47552EA4B35F} = {3F92151D-242D-4EE3-9C99-47552EA4B35F}
		{706620C5-CB57-479F-B767-F3E002E7D0D9} = {706620C5-CB57-479F-B767-F3E002E7D0D9}
	EndProjectSection
EndProject
Global
	GlobalSection(SolutionConfigurationPlatforms) = preSolution
		Debug|Any CPU = Debug|Any CPU
		Release|Any CPU = Release|Any CPU
	EndGlobalSection
	GlobalSection(ProjectConfigurationPlatforms) = postSolution
		{354855E7-6670-4626-AC69-16C6B9BB9EA2}.Debug|Any CPU.ActiveCfg = Debug|Any CPU
		{354855E7-6670-4626-AC69-16C6B9BB9EA2}.Debug|Any CPU.Build.0 = Debug|Any CPU
		{354855E7-6670-4626-AC69-16C6B9BB9EA2}.Release|Any CPU.ActiveCfg = Release|Any CPU
		{354855E7-6670-4626-AC69-16C6B9BB9EA2}.Release|Any CPU.Build.0 = Release|Any CPU
		{706620C5-CB57-479F-B767-F3E002E7D0D9}.Debug|Any CPU.ActiveCfg = Debug|Any CPU
		{706620C5-CB57-479F-B767-F3E002E7D0D9}.Debug|Any CPU.Build.0 = Debug|Any CPU
		{706620C5-CB57-479F-B767-F3E002E7D0D9}.Release|Any CPU.ActiveCfg = Release|Any CPU
		{706620C5-CB57-479F-B767-F3E002E7D0D9}.Release|Any CPU.Build.0 = Release|Any CPU
		{3F92151D-242D-4EE3-9C99-47552EA4B35F}.Debug|Any CPU.ActiveCfg = Debug|Any CPU
		{3F92151D-242D-4EE3-9C99-47552EA4B35F}.Debug|Any CPU.Build.0 = Debug|Any CPU
		{3F92151D-242D-4EE3-9C99-47552EA4B35F}.Release|Any CPU.ActiveCfg = Release|Any CPU
		{3F92151D-242D-4EE3-9C99-47552EA4B35F}.Release|Any CPU.Build.0 = Release|Any CPU
		{5741EE9F-289B-4AA5-8DF9-728446E4775F}.Debug|Any CPU.ActiveCfg = Debug|Any CPU
		{5741EE9F-289B-4AA5-8DF9-728446E4775F}.Debug|Any CPU.Build.0 = Debug|Any CPU
		{5741EE9F-289B-4AA5-8DF9-728446E4775F}.Release|Any CPU.ActiveCfg = Release|Any CPU
		{5741EE9F-289B-4AA5-8DF9-728446E4775F}.Release|Any CPU.Build.0 = Release|Any CPU
	EndGlobalSection
	GlobalSection(SolutionProperties) = preSolution
		HideSolutionNode = FALSE
	EndGlobalSection
EndGlobal
